# THIS IS AN AUTOGENERATED FILE. DO NOT EDIT THIS FILE DIRECTLY.
# yarn lockfile v1


"@popperjs/core@^2.11.7":
  version "2.11.8"
  resolved "https://registry.yarnpkg.com/@popperjs/core/-/core-2.11.8.tgz#6b79032e760a0899cd4204710beede972a3a185f"
  integrity sha512-P1st0aksCrn9sGZhp8GMYwBnQsbvAWsZAX44oXNNvLHGqAOcoVxmjZiohstwQ7SqKnbR47akdNi+uleWD8+g6A==

bootstrap@^5.3.0:
  version "5.3.0"
  resolved "https://registry.yarnpkg.com/bootstrap/-/bootstrap-5.3.0.tgz#0718a7cc29040ee8dbf1bd652b896f3436a87c29"
  integrity sha512-UnBV3E3v4STVNQdms6jSGO2CvOkjUMdDAVR2V5N4uCMdaIkaQjbcEAMqRimDHIs4uqBYzDAKCQwCB+97tJgHQw==

font-awesome@4.7.0:
  version "4.7.0"
  resolved "https://registry.yarnpkg.com/font-awesome/-/font-awesome-4.7.0.tgz#8fa8cf0411a1a31afd07b06d2902bb9fc815a133"
  integrity sha1-j6jPBBGhoxr9B7BtKQK7n8gVoTM=
